
Microsoft Visual Studio Solution File, Format Version 12.00
# Visual Studio Version 16
VisualStudioVersion = 16.0.29519.181
MinimumVisualStudioVersion = 10.0.40219.1
Project("{FAE04EC0-301F-11D3-BF4B-00C04F79EFBC}") = "ProductMicroservice", "ProductMicroservice.csproj", "{0AD3C734-3DC5-430E-A207-23A69B0D789E}"
EndProject
Global
	GlobalSection(SolutionConfigurationPlatforms) = preSolution
		Debug|Any CPU = Debug|Any CPU
		Release|Any CPU = Release|Any CPU
	EndGlobalSection
	GlobalSection(ProjectConfigurationPlatforms) = postSolution
		{0AD3C734-3DC5-430E-A207-23A69B0D789E}.Debug|Any CPU.ActiveCfg = Debug|Any CPU
		{0AD3C734-3DC5-430E-A207-23A69B0D789E}.Debug|Any CPU.Build.0 = Debug|Any CPU
		{0AD3C734-3DC5-430E-A207-23A69B0D789E}.Release|Any CPU.ActiveCfg = Release|Any CPU
		{0AD3C734-3DC5-430E-A207-23A69B0D789E}.Release|Any CPU.Build.0 = Release|Any CPU
	EndGlobalSection
	GlobalSection(SolutionProperties) = preSolution
		HideSolutionNode = FALSE
	EndGlobalSection
	GlobalSection(ExtensibilityGlobals) = postSolution
		SolutionGuid = {B2862594-AD98-430E-B6DE-2A87EF0C163D}
	EndGlobalSection
EndGlobal
